
Microsoft Visual Studio Solution File, Format Version 12.00
# Visual Studio Version 17
VisualStudioVersion = 17.12.35527.113 d17.12
MinimumVisualStudioVersion = 10.0.40219.1
Project("{FAE04EC0-301F-11D3-BF4B-00C04F79EFBC}") = "bookCollections", "bookCollections\bookCollections.csproj", "{3317BB4B-4563-44A5-823A-81825D0EDFFA}"
EndProject
Global
	GlobalSection(SolutionConfigurationPlatforms) = preSolution
		Debug|Any CPU = Debug|Any CPU
		Release|Any CPU = Release|Any CPU
	EndGlobalSection
	GlobalSection(ProjectConfigurationPlatforms) = postSolution
		{3317BB4B-4563-44A5-823A-81825D0EDFFA}.Debug|Any CPU.ActiveCfg = Debug|Any CPU
		{3317BB4B-4563-44A5-823A-81825D0EDFFA}.Debug|Any CPU.Build.0 = Debug|Any CPU
		{3317BB4B-4563-44A5-823A-81825D0EDFFA}.Release|Any CPU.ActiveCfg = Release|Any CPU
		{3317BB4B-4563-44A5-823A-81825D0EDFFA}.Release|Any CPU.Build.0 = Release|Any CPU
	EndGlobalSection
	GlobalSection(SolutionProperties) = preSolution
		HideSolutionNode = FALSE
	EndGlobalSection
EndGlobal
