
Microsoft Visual Studio Solution File, Format Version 12.00
# Visual Studio Version 17
VisualStudioVersion = 17.12.35527.113 d17.12
MinimumVisualStudioVersion = 10.0.40219.1
Project("{FAE04EC0-301F-11D3-BF4B-00C04F79EFBC}") = "GenericAnimalClass", "GenericAnimalClass\GenericAnimalClass.csproj", "{DBD8FD84-DC5B-454F-8EBA-FB17C2298ABD}"
EndProject
Global
	GlobalSection(SolutionConfigurationPlatforms) = preSolution
		Debug|Any CPU = Debug|Any CPU
		Release|Any CPU = Release|Any CPU
	EndGlobalSection
	GlobalSection(ProjectConfigurationPlatforms) = postSolution
		{DBD8FD84-DC5B-454F-8EBA-FB17C2298ABD}.Debug|Any CPU.ActiveCfg = Debug|Any CPU
		{DBD8FD84-DC5B-454F-8EBA-FB17C2298ABD}.Debug|Any CPU.Build.0 = Debug|Any CPU
		{DBD8FD84-DC5B-454F-8EBA-FB17C2298ABD}.Release|Any CPU.ActiveCfg = Release|Any CPU
		{DBD8FD84-DC5B-454F-8EBA-FB17C2298ABD}.Release|Any CPU.Build.0 = Release|Any CPU
	EndGlobalSection
	GlobalSection(SolutionProperties) = preSolution
		HideSolutionNode = FALSE
	EndGlobalSection
EndGlobal
